// !$*UTF8*$!
{
	archiveVersion = 1;
	classes = {
	};
	objectVersion = 56;
	objects = {

/* Begin PBXBuildFile section */
		C47D8BCB2C52123100E21A6D /* AppDelegate.swift in Sources */ = {isa = PBXBuildFile; fileRef = C47D8BCA2C52123100E21A6D /* AppDelegate.swift */; };
		C47D8BCD2C52123100E21A6D /* SceneDelegate.swift in Sources */ = {isa = PBXBuildFile; fileRef = C47D8BCC2C52123100E21A6D /* SceneDelegate.swift */; };
		C47D8BCF2C52123100E21A6D /* ViewController.swift in Sources */ = {isa = PBXBuildFile; fileRef = C47D8BCE2C52123100E21A6D /* ViewController.swift */; };
		C47D8BD22C52123100E21A6D /* Base in Resources */ = {isa = PBXBuildFile; fileRef = C47D8BD12C52123100E21A6D /* Base */; };
		C47D8BD52C52123100E21A6D /* CoreData_Artbook.xcdatamodeld in Sources */ = {isa = PBXBuildFile; fileRef = C47D8BD32C52123100E21A6D /* CoreData_Artbook.xcdatamodeld */; };
		C47D8BD72C52123200E21A6D /* Assets.xcassets in Resources */ = {isa = PBXBuildFile; fileRef = C47D8BD62C52123200E21A6D /* Assets.xcassets */; };
		C47D8BDA2C52123200E21A6D /* Base in Resources */ = {isa = PBXBuildFile; fileRef = C47D8BD92C52123200E21A6D /* Base */; };
/* End PBXBuildFile section */

/* Begin PBXFileReference section */
		C47D8BC72C52123100E21A6D /* CoreData-Artbook.app */ = {isa = PBXFileReference; explicitFileType = wrapper.application; includeInIndex = 0; path = "CoreData-Artbook.app"; sourceTree = BUILT_PRODUCTS_DIR; };
		C47D8BCA2C52123100E21A6D /* AppDelegate.swift */ = {isa = PBXFileReference; lastKnownFileType = sourcecode.swift; path = AppDelegate.swift; sourceTree = "<group>"; };
		C47D8BCC2C52123100E21A6D /* SceneDelegate.swift */ = {isa = PBXFileReference; lastKnownFileType = sourcecode.swift; path = SceneDelegate.swift; sourceTree = "<group>"; };
		C47D8BCE2C52123100E21A6D /* ViewController.swift */ = {isa = PBXFileReference; lastKnownFileType = sourcecode.swift; path = ViewController.swift; sourceTree = "<group>"; };
		C47D8BD12C52123100E21A6D /* Base */ = {isa = PBXFileReference; lastKnownFileType = file.storyboard; name = Base; path = Base.lproj/Main.storyboard; sourceTree = "<group>"; };
		C47D8BD42C52123100E21A6D /* CoreData_Artbook.xcdatamodel */ = {isa = PBXFileReference; lastKnownFileType = wrapper.xcdatamodel; path = CoreData_Artbook.xcdatamodel; sourceTree = "<group>"; };
		C47D8BD62C52123200E21A6D /* Assets.xcassets */ = {isa = PBXFileReference; lastKnownFileType = folder.assetcatalog; path = Assets.xcassets; sourceTree = "<group>"; };
		C47D8BD92C52123200E21A6D /* Base */ = {isa = PBXFileReference; lastKnownFileType = file.storyboard; name = Base; path = Base.lproj/LaunchScreen.storyboard; sourceTree = "<group>"; };
		C47D8BDB2C52123200E21A6D /* Info.plist */ = {isa = PBXFileReference; lastKnownFileType = text.plist.xml; path = Info.plist; sourceTree = "<group>"; };
/* End PBXFileReference section */

/* Begin PBXFrameworksBuildPhase section */
		C47D8BC42C52123100E21A6D /* Frameworks */ = {
			isa = PBXFrameworksBuildPhase;
			buildActionMask = 2147483647;
			files = (
			);
			runOnlyForDeploymentPostprocessing = 0;
		};
/* End PBXFrameworksBuildPhase section */

/* Begin PBXGroup section */
		C47D8BBE2C52123100E21A6D = {
			isa = PBXGroup;
			children = (
				C47D8BC92C52123100E21A6D /* CoreData-Artbook */,
				C47D8BC82C52123100E21A6D /* Products */,
			);
			sourceTree = "<group>";
		};
		C47D8BC82C52123100E21A6D /* Products */ = {
			isa = PBXGroup;
			children = (
				C47D8BC72C52123100E21A6D /* CoreData-Artbook.app */,
			);
			name = Products;
			sourceTree = "<group>";
		};
		C47D8BC92C52123100E21A6D /* CoreData-Artbook */ = {
			isa = PBXGroup;
			children = (
				C47D8BCA2C52123100E21A6D /* AppDelegate.swift */,
				C47D8BCC2C52123100E21A6D /* SceneDelegate.swift */,
				C47D8BCE2C52123100E21A6D /* ViewController.swift */,
				C47D8BD02C52123100E21A6D /* Main.storyboard */,
				C47D8BD62C52123200E21A6D /* Assets.xcassets */,
				C47D8BD82C52123200E21A6D /* LaunchScreen.storyboard */,
				C47D8BDB2C52123200E21A6D /* Info.plist */,
				C47D8BD32C52123100E21A6D /* CoreData_Artbook.xcdatamodeld */,
			);
			path = "CoreData-Artbook";
			sourceTree = "<group>";
		};
/* End PBXGroup section */

/* Begin PBXNativeTarget section */
		C47D8BC62C52123100E21A6D /* CoreData-Artbook */ = {
			isa = PBXNativeTarget;
			buildConfigurationList = C47D8BDE2C52123200E21A6D /* Build configuration list for PBXNativeTarget "CoreData-Artbook" */;
			buildPhases = (
				C47D8BC32C52123100E21A6D /* Sources */,
				C47D8BC42C52123100E21A6D /* Frameworks */,
				C47D8BC52C52123100E21A6D /* Resources */,
			);
			buildRules = (
			);
			dependencies = (
			);
			name = "CoreData-Artbook";
			productName = "CoreData-Artbook";
			productReference = C47D8BC72C52123100E21A6D /* CoreData-Artbook.app */;
			productType = "com.apple.product-type.application";
		};
/* End PBXNativeTarget section */

/* Begin PBXProject section */
		C47D8BBF2C52123100E21A6D /* Project object */ = {
			isa = PBXProject;
			attributes = {
				BuildIndependentTargetsInParallel = 1;
				LastSwiftUpdateCheck = 1540;
				LastUpgradeCheck = 1540;
				TargetAttributes = {
					C47D8BC62C52123100E21A6D = {
						CreatedOnToolsVersion = 15.4;
					};
				};
			};
			buildConfigurationList = C47D8BC22C52123100E21A6D /* Build configuration list for PBXProject "CoreData-Artbook" */;
			compatibilityVersion = "Xcode 14.0";
			developmentRegion = en;
			hasScannedForEncodings = 0;
			knownRegions = (
				en,
				Base,
			);
			mainGroup = C47D8BBE2C52123100E21A6D;
			productRefGroup = C47D8BC82C52123100E21A6D /* Products */;
			projectDirPath = "";
			projectRoot = "";
			targets = (
				C47D8BC62C52123100E21A6D /* CoreData-Artbook */,
			);
		};
/* End PBXProject section */

/* Begin PBXResourcesBuildPhase section */
		C47D8BC52C52123100E21A6D /* Resources */ = {
			isa = PBXResourcesBuildPhase;
			buildActionMask = 2147483647;
			files = (
				C47D8BD72C52123200E21A6D /* Assets.xcassets in Resources */,
				C47D8BDA2C52123200E21A6D /* Base in Resources */,
				C47D8BD22C52123100E21A6D /* Base in Resources */,
			);
			runOnlyForDeploymentPostprocessing = 0;
		};
/* End PBXResourcesBuildPhase section */

/* Begin PBXSourcesBuildPhase section */
		C47D8BC32C52123100E21A6D /* Sources */ = {
			isa = PBXSourcesBuildPhase;
			buildActionMask = 2147483647;
			files = (
				C47D8BCF2C52123100E21A6D /* ViewController.swift in Sources */,
				C47D8BD52C52123100E21A6D /* CoreData_Artbook.xcdatamodeld in Sources */,
				C47D8BCB2C52123100E21A6D /* AppDelegate.swift in Sources */,
				C47D8BCD2C52123100E21A6D /* SceneDelegate.swift in Sources */,
			);
			runOnlyForDeploymentPostprocessing = 0;
		};
/* End PBXSourcesBuildPhase section */

/* Begin PBXVariantGroup section */
		C47D8BD02C52123100E21A6D /* Main.storyboard */ = {
			isa = PBXVariantGroup;
			children = (
				C47D8BD12C52123100E21A6D /* Base */,
			);
			name = Main.storyboard;
			sourceTree = "<group>";
		};
		C47D8BD82C52123200E21A6D /* LaunchScreen.storyboard */ = {
			isa = PBXVariantGroup;
			children = (
				C47D8BD92C52123200E21A6D /* Base */,
			);
			name = LaunchScreen.storyboard;
			sourceTree = "<group>";
		};
/* End PBXVariantGroup section */

/* Begin XCBuildConfiguration section */
		C47D8BDC2C52123200E21A6D /* Debug */ = {
			isa = XCBuildConfiguration;
			buildSettings = {
				ALWAYS_SEARCH_USER_PATHS = NO;
				ASSETCATALOG_COMPILER_GENERATE_SWIFT_ASSET_SYMBOL_EXTENSIONS = YES;
				CLANG_ANALYZER_NONNULL = YES;
				CLANG_ANALYZER_NUMBER_OBJECT_CONVERSION = YES_AGGRESSIVE;
				CLANG_CXX_LANGUAGE_STANDARD = "gnu++20";
				CLANG_ENABLE_MODULES = YES;
				CLANG_ENABLE_OBJC_ARC = YES;
				CLANG_ENABLE_OBJC_WEAK = YES;
				CLANG_WARN_BLOCK_CAPTURE_AUTORELEASING = YES;
				CLANG_WARN_BOOL_CONVERSION = YES;
				CLANG_WARN_COMMA = YES;
				CLANG_WARN_CONSTANT_CONVERSION = YES;
				CLANG_WARN_DEPRECATED_OBJC_IMPLEMENTATIONS = YES;
				CLANG_WARN_DIRECT_OBJC_ISA_USAGE = YES_ERROR;
				CLANG_WARN_DOCUMENTATION_COMMENTS = YES;
				CLANG_WARN_EMPTY_BODY = YES;
				CLANG_WARN_ENUM_CONVERSION = YES;
				CLANG_WARN_INFINITE_RECURSION = YES;
				CLANG_WARN_INT_CONVERSION = YES;
				CLANG_WARN_NON_LITERAL_NULL_CONVERSION = YES;
				CLANG_WARN_OBJC_IMPLICIT_RETAIN_SELF = YES;
				CLANG_WARN_OBJC_LITERAL_CONVERSION = YES;
				CLANG_WARN_OBJC_ROOT_CLASS = YES_ERROR;
				CLANG_WARN_QUOTED_INCLUDE_IN_FRAMEWORK_HEADER = YES;
				CLANG_WARN_RANGE_LOOP_ANALYSIS = YES;
				CLANG_WARN_STRICT_PROTOTYPES = YES;
				CLANG_WARN_SUSPICIOUS_MOVE = YES;
				CLANG_WARN_UNGUARDED_AVAILABILITY = YES_AGGRESSIVE;
				CLANG_WARN_UNREACHABLE_CODE = YES;
				CLANG_WARN__DUPLICATE_METHOD_MATCH = YES;
				COPY_PHASE_STRIP = NO;
				DEBUG_INFORMATION_FORMAT = dwarf;
				ENABLE_STRICT_OBJC_MSGSEND = YES;
				ENABLE_TESTABILITY = YES;
				ENABLE_USER_SCRIPT_SANDBOXING = YES;
				GCC_C_LANGUAGE_STANDARD = gnu17;
				GCC_DYNAMIC_NO_PIC = NO;
				GCC_NO_COMMON_BLOCKS = YES;
				GCC_OPTIMIZATION_LEVEL = 0;
				GCC_PREPROCESSOR_DEFINITIONS = (
					"DEBUG=1",
					"$(inherited)",
				);
				GCC_WARN_64_TO_32_BIT_CONVERSION = YES;
				GCC_WARN_ABOUT_RETURN_TYPE = YES_ERROR;
				GCC_WARN_UNDECLARED_SELECTOR = YES;
				GCC_WARN_UNINITIALIZED_AUTOS = YES_AGGRESSIVE;
				GCC_WARN_UNUSED_FUNCTION = YES;
				GCC_WARN_UNUSED_VARIABLE = YES;
				IPHONEOS_DEPLOYMENT_TARGET = 17.5;
				LOCALIZATION_PREFERS_STRING_CATALOGS = YES;
				MTL_ENABLE_DEBUG_INFO = INCLUDE_SOURCE;
				MTL_FAST_MATH = YES;
				ONLY_ACTIVE_ARCH = YES;
				SDKROOT = iphoneos;
				SWIFT_ACTIVE_COMPILATION_CONDITIONS = "DEBUG $(inherited)";
				SWIFT_OPTIMIZATION_LEVEL = "-Onone";
			};
			name = Debug;
		};
		C47D8BDD2C52123200E21A6D /* Release */ = {
			isa = XCBuildConfiguration;
			buildSettings = {
				ALWAYS_SEARCH_USER_PATHS = NO;
				ASSETCATALOG_COMPILER_GENERATE_SWIFT_ASSET_SYMBOL_EXTENSIONS = YES;
				CLANG_ANALYZER_NONNULL = YES;
				CLANG_ANALYZER_NUMBER_OBJECT_CONVERSION = YES_AGGRESSIVE;
				CLANG_CXX_LANGUAGE_STANDARD = "gnu++20";
				CLANG_ENABLE_MODULES = YES;
				CLANG_ENABLE_OBJC_ARC = YES;
				CLANG_ENABLE_OBJC_WEAK = YES;
				CLANG_WARN_BLOCK_CAPTURE_AUTORELEASING = YES;
				CLANG_WARN_BOOL_CONVERSION = YES;
				CLANG_WARN_COMMA = YES;
				CLANG_WARN_CONSTANT_CONVERSION = YES;
				CLANG_WARN_DEPRECATED_OBJC_IMPLEMENTATIONS = YES;
				CLANG_WARN_DIRECT_OBJC_ISA_USAGE = YES_ERROR;
				CLANG_WARN_DOCUMENTATION_COMMENTS = YES;
				CLANG_WARN_EMPTY_BODY = YES;
				CLANG_WARN_ENUM_CONVERSION = YES;
				CLANG_WARN_INFINITE_RECURSION = YES;
				CLANG_WARN_INT_CONVERSION = YES;
				CLANG_WARN_NON_LITERAL_NULL_CONVERSION = YES;
				CLANG_WARN_OBJC_IMPLICIT_RETAIN_SELF = YES;
				CLANG_WARN_OBJC_LITERAL_CONVERSION = YES;
				CLANG_WARN_OBJC_ROOT_CLASS = YES_ERROR;
				CLANG_WARN_QUOTED_INCLUDE_IN_FRAMEWORK_HEADER = YES;
				CLANG_WARN_RANGE_LOOP_ANALYSIS = YES;
				CLANG_WARN_STRICT_PROTOTYPES = YES;
				CLANG_WARN_SUSPICIOUS_MOVE = YES;
				CLANG_WARN_UNGUARDED_AVAILABILITY = YES_AGGRESSIVE;
				CLANG_WARN_UNREACHABLE_CODE = YES;
				CLANG_WARN__DUPLICATE_METHOD_MATCH = YES;
				COPY_PHASE_STRIP = NO;
				DEBUG_INFORMATION_FORMAT = "dwarf-with-dsym";
				ENABLE_NS_ASSERTIONS = NO;
				ENABLE_STRICT_OBJC_MSGSEND = YES;
				ENABLE_USER_SCRIPT_SANDBOXING = YES;
				GCC_C_LANGUAGE_STANDARD = gnu17;
				GCC_NO_COMMON_BLOCKS = YES;
				GCC_WARN_64_TO_32_BIT_CONVERSION = YES;
				GCC_WARN_ABOUT_RETURN_TYPE = YES_ERROR;
				GCC_WARN_UNDECLARED_SELECTOR = YES;
				GCC_WARN_UNINITIALIZED_AUTOS = YES_AGGRESSIVE;
				GCC_WARN_UNUSED_FUNCTION = YES;
				GCC_WARN_UNUSED_VARIABLE = YES;
				IPHONEOS_DEPLOYMENT_TARGET = 17.5;
				LOCALIZATION_PREFERS_STRING_CATALOGS = YES;
				MTL_ENABLE_DEBUG_INFO = NO;
				MTL_FAST_MATH = YES;
				SDKROOT = iphoneos;
				SWIFT_COMPILATION_MODE = wholemodule;
				VALIDATE_PRODUCT = YES;
			};
			name = Release;
		};
		C47D8BDF2C52123200E21A6D /* Debug */ = {
			isa = XCBuildConfiguration;
			buildSettings = {
				ASSETCATALOG_COMPILER_APPICON_NAME = AppIcon;
				ASSETCATALOG_COMPILER_GLOBAL_ACCENT_COLOR_NAME = AccentColor;
				CODE_SIGN_STYLE = Automatic;
				CURRENT_PROJECT_VERSION = 1;
				DEVELOPMENT_TEAM = 297NZ2WHCN;
				GENERATE_INFOPLIST_FILE = YES;
				INFOPLIST_FILE = "CoreData-Artbook/Info.plist";
				INFOPLIST_KEY_UIApplicationSupportsIndirectInputEvents = YES;
				INFOPLIST_KEY_UILaunchStoryboardName = LaunchScreen;
				INFOPLIST_KEY_UIMainStoryboardFile = Main;
				INFOPLIST_KEY_UISupportedInterfaceOrientations_iPad = "UIInterfaceOrientationPortrait UIInterfaceOrientationPortraitUpsideDown UIInterfaceOrientationLandscapeLeft UIInterfaceOrientationLandscapeRight";
				INFOPLIST_KEY_UISupportedInterfaceOrientations_iPhone = "UIInterfaceOrientationPortrait UIInterfaceOrientationLandscapeLeft UIInterfaceOrientationLandscapeRight";
				LD_RUNPATH_SEARCH_PATHS = (
					"$(inherited)",
					"@executable_path/Frameworks",
				);
				MARKETING_VERSION = 1.0;
				PRODUCT_BUNDLE_IDENTIFIER = "com.CoreData-Artbook";
				PRODUCT_NAME = "$(TARGET_NAME)";
				SWIFT_EMIT_LOC_STRINGS = YES;
				SWIFT_VERSION = 5.0;
				TARGETED_DEVICE_FAMILY = "1,2";
			};
			name = Debug;
		};
		C47D8BE02C52123200E21A6D /* Release */ = {
			isa = XCBuildConfiguration;
			buildSettings = {
				ASSETCATALOG_COMPILER_APPICON_NAME = AppIcon;
				ASSETCATALOG_COMPILER_GLOBAL_ACCENT_COLOR_NAME = AccentColor;
				CODE_SIGN_STYLE = Automatic;
				CURRENT_PROJECT_VERSION = 1;
				DEVELOPMENT_TEAM = 297NZ2WHCN;
				GENERATE_INFOPLIST_FILE = YES;
				INFOPLIST_FILE = "CoreData-Artbook/Info.plist";
				INFOPLIST_KEY_UIApplicationSupportsIndirectInputEvents = YES;
				INFOPLIST_KEY_UILaunchStoryboardName = LaunchScreen;
				INFOPLIST_KEY_UIMainStoryboardFile = Main;
				INFOPLIST_KEY_UISupportedInterfaceOrientations_iPad = "UIInterfaceOrientationPortrait UIInterfaceOrientationPortraitUpsideDown UIInterfaceOrientationLandscapeLeft UIInterfaceOrientationLandscapeRight";
				INFOPLIST_KEY_UISupportedInterfaceOrientations_iPhone = "UIInterfaceOrientationPortrait UIInterfaceOrientationLandscapeLeft UIInterfaceOrientationLandscapeRight";
				LD_RUNPATH_SEARCH_PATHS = (
					"$(inherited)",
					"@executable_path/Frameworks",
				);
				MARKETING_VERSION = 1.0;
				PRODUCT_BUNDLE_IDENTIFIER = "com.CoreData-Artbook";
				PRODUCT_NAME = "$(TARGET_NAME)";
				SWIFT_EMIT_LOC_STRINGS = YES;
				SWIFT_VERSION = 5.0;
				TARGETED_DEVICE_FAMILY = "1,2";
			};
			name = Release;
		};
/* End XCBuildConfiguration section */

/* Begin XCConfigurationList section */
		C47D8BC22C52123100E21A6D /* Build configuration list for PBXProject "CoreData-Artbook" */ = {
			isa = XCConfigurationList;
			buildConfigurations = (
				C47D8BDC2C52123200E21A6D /* Debug */,
				C47D8BDD2C52123200E21A6D /* Release */,
			);
			defaultConfigurationIsVisible = 0;
			defaultConfigurationName = Release;
		};
		C47D8BDE2C52123200E21A6D /* Build configuration list for PBXNativeTarget "CoreData-Artbook" */ = {
			isa = XCConfigurationList;
			buildConfigurations = (
				C47D8BDF2C52123200E21A6D /* Debug */,
				C47D8BE02C52123200E21A6D /* Release */,
			);
			defaultConfigurationIsVisible = 0;
			defaultConfigurationName = Release;
		};
/* End XCConfigurationList section */

/* Begin XCVersionGroup section */
		C47D8BD32C52123100E21A6D /* CoreData_Artbook.xcdatamodeld */ = {
			isa = XCVersionGroup;
			children = (
				C47D8BD42C52123100E21A6D /* CoreData_Artbook.xcdatamodel */,
			);
			currentVersion = C47D8BD42C52123100E21A6D /* CoreData_Artbook.xcdatamodel */;
			path = CoreData_Artbook.xcdatamodeld;
			sourceTree = "<group>";
			versionGroupType = wrapper.xcdatamodel;
		};
/* End XCVersionGroup section */
	};
	rootObject = C47D8BBF2C52123100E21A6D /* Project object */;
}
